PODS:
  - ReCaptcha/Core (0.1.0):
    - Result (~> 3.0)
  - ReCaptcha/RxSwift (0.1.0):
    - ReCaptcha/Core
    - RxSwift (~> 3.0)
  - Result (3.2.1)
  - RxCocoa (3.3.1):
    - RxSwift (~> 3.3)
  - RxSwift (3.3.1)

DEPENDENCIES:
  - ReCaptcha/RxSwift (from `../`)
  - RxCocoa (~> 3.0)

EXTERNAL SOURCES:
  ReCaptcha:
    :path: "../"

SPEC CHECKSUMS:
  ReCaptcha: be0cb5d7621397aac80269ed5e083f99cd0937a8
  Result: 2453a22e5c5b11c0c3a478736e82cd02f763b781
  RxCocoa: 7dcb7a1860fc9cd0e23dae67ab105fc2916670b6
  RxSwift: 8fc9f2de6275a9101d518444e00bf32f1a42caac

PODFILE CHECKSUM: 7fc7411eb4b5e8324cd4e09beee56bbca1d658c4

COCOAPODS: 1.2.1.beta.1
