PODS:
  - AppSwizzle (1.3.1)
  - ReCaptcha/Core (1.6.0)
  - ReCaptcha/RxSwift (1.6.0):
    - ReCaptcha/Core
    - RxSwift (~> 6.0)
  - RxBlocking (6.0.0):
    - RxSwift (= 6.0.0)
  - RxCocoa (6.0.0):
    - RxRelay (= 6.0.0)
    - RxSwift (= 6.0.0)
  - RxRelay (6.0.0):
    - RxSwift (= 6.0.0)
  - RxSwift (6.0.0)
  - SwiftLint (0.33.0)

DEPENDENCIES:
  - AppSwizzle (~> 1.3)
  - ReCaptcha/RxSwift (from `../`)
  - RxBlocking (~> 6.0)
  - RxCocoa (~> 6.0)
  - SwiftLint (~> 0.33)

SPEC REPOS:
  trunk:
    - AppSwizzle
    - RxBlocking
    - RxCocoa
    - RxRelay
    - RxSwift
    - SwiftLint

EXTERNAL SOURCES:
  ReCaptcha:
    :path: "../"

SPEC CHECKSUMS:
  AppSwizzle: db36e436f56110d93e5ae0147683435df593cabc
  ReCaptcha: d493ed256054a7b6a7eabcaf0b47ec9a8f42a16e
  RxBlocking: c025b8c6fe08c5b18c039b5b11d41ec413f8a59e
  RxCocoa: 3f79328fafa3645b34600f37c31e64c73ae3a80e
  RxRelay: 8d593be109c06ea850df027351beba614b012ffb
  RxSwift: c14e798c59b9f6e9a2df8fd235602e85cc044295
  SwiftLint: fed9c66336e41fc74dc48a73678380718f0c8b0e

PODFILE CHECKSUM: 927f56f754e86345b695231d8b5f252ec7c18b35

COCOAPODS: 1.10.0
