// !$*UTF8*$!
{
	archiveVersion = 1;
	classes = {
	};
	objectVersion = 46;
	objects = {

/* Begin PBXBuildFile section */
		607FACD61AFB9204008FA782 /* AppDelegate.swift in Sources */ = {isa = PBXBuildFile; fileRef = 607FACD51AFB9204008FA782 /* AppDelegate.swift */; };
		607FACD81AFB9204008FA782 /* ViewController.swift in Sources */ = {isa = PBXBuildFile; fileRef = 607FACD71AFB9204008FA782 /* ViewController.swift */; };
		607FACDB1AFB9204008FA782 /* Main.storyboard in Resources */ = {isa = PBXBuildFile; fileRef = 607FACD91AFB9204008FA782 /* Main.storyboard */; };
		607FACDD1AFB9204008FA782 /* Images.xcassets in Resources */ = {isa = PBXBuildFile; fileRef = 607FACDC1AFB9204008FA782 /* Images.xcassets */; };
		607FACE01AFB9204008FA782 /* LaunchScreen.xib in Resources */ = {isa = PBXBuildFile; fileRef = 607FACDE1AFB9204008FA782 /* LaunchScreen.xib */; };
		9D85E832734B73CFBD0156E0 /* Pods_ReCaptcha_UITests.framework in Frameworks */ = {isa = PBXBuildFile; fileRef = B4C17A11F39B6DC940891AE0 /* Pods_ReCaptcha_UITests.framework */; };
		BD850CB2DF4C9C94FC51226C /* Pods_ReCaptcha_Example.framework in Frameworks */ = {isa = PBXBuildFile; fileRef = 62BEEA62161F672468CCFD64 /* Pods_ReCaptcha_Example.framework */; };
		D091B6E053FD250B4757E34C /* Pods_ReCaptcha_Tests.framework in Frameworks */ = {isa = PBXBuildFile; fileRef = 9417A28DC340FF0BC1627B3F /* Pods_ReCaptcha_Tests.framework */; };
		F206BAD51F8D3FEB00A25807 /* Cartfile in Resources */ = {isa = PBXBuildFile; fileRef = F206BAD41F8D3FEB00A25807 /* Cartfile */; };
		F211C22220F7E0B100709B26 /* ReCaptcha_Endpoint__Tests.swift in Sources */ = {isa = PBXBuildFile; fileRef = F211C22120F7E0B100709B26 /* ReCaptcha_Endpoint__Tests.swift */; };
		F231B3971FEC325A00F82943 /* DispatchQueue__Tests.swift in Sources */ = {isa = PBXBuildFile; fileRef = F231B3961FEC325A00F82943 /* DispatchQueue__Tests.swift */; };
		F231B39F1FED4A8C00F82943 /* ReCaptchaDecoder+Helper.swift in Sources */ = {isa = PBXBuildFile; fileRef = F231B39E1FED4A8C00F82943 /* ReCaptchaDecoder+Helper.swift */; };
		F288E9451F9537760018688D /* ReCaptchaError+Equatable.swift in Sources */ = {isa = PBXBuildFile; fileRef = F288E9441F9537760018688D /* ReCaptchaError+Equatable.swift */; };
		F28FAC9F200E425600E14987 /* ReCaptcha_UITests.swift in Sources */ = {isa = PBXBuildFile; fileRef = F28FAC9E200E425600E14987 /* ReCaptcha_UITests.swift */; };
		F2AE8612204F3430002E28D7 /* ReCaptchaResult__Tests.swift in Sources */ = {isa = PBXBuildFile; fileRef = F2AE8611204F3430002E28D7 /* ReCaptchaResult__Tests.swift */; };
		F2E2685E1F7AEE3400CD876D /* ReCaptcha__Tests.swift in Sources */ = {isa = PBXBuildFile; fileRef = F2E2685D1F7AEE3400CD876D /* ReCaptcha__Tests.swift */; };
		F2ECCF8A1E9FCEFE0097B199 /* ReCaptchaDecoder__Tests.swift in Sources */ = {isa = PBXBuildFile; fileRef = F2ECCF891E9FCEFE0097B199 /* ReCaptchaDecoder__Tests.swift */; };
		F2ECCF8C1E9FE37C0097B199 /* mock.html in Resources */ = {isa = PBXBuildFile; fileRef = F2ECCF8B1E9FE37C0097B199 /* mock.html */; };
		F2ECCF8E1E9FE68C0097B199 /* ReCaptchaWebViewManager__Tests.swift in Sources */ = {isa = PBXBuildFile; fileRef = F2ECCF8D1E9FE68C0097B199 /* ReCaptchaWebViewManager__Tests.swift */; };
		F2ECCF931EA009360097B199 /* ReCaptcha+Rx__Tests.swift in Sources */ = {isa = PBXBuildFile; fileRef = F2ECCF921EA009360097B199 /* ReCaptcha+Rx__Tests.swift */; };
		F2ECCF961EA00A5B0097B199 /* ReCaptchaWebViewManager+Helpers.swift in Sources */ = {isa = PBXBuildFile; fileRef = F2ECCF951EA00A5B0097B199 /* ReCaptchaWebViewManager+Helpers.swift */; };
		F2ECCF981EA011370097B199 /* Result+Helpers.swift in Sources */ = {isa = PBXBuildFile; fileRef = F2ECCF971EA011370097B199 /* Result+Helpers.swift */; };
/* End PBXBuildFile section */

/* Begin PBXContainerItemProxy section */
		F28FACA1200E425600E14987 /* PBXContainerItemProxy */ = {
			isa = PBXContainerItemProxy;
			containerPortal = 607FACC81AFB9204008FA782 /* Project object */;
			proxyType = 1;
			remoteGlobalIDString = 607FACCF1AFB9204008FA782;
			remoteInfo = ReCaptcha_Example;
		};
		F2ECCF7B1E9FC47B0097B199 /* PBXContainerItemProxy */ = {
			isa = PBXContainerItemProxy;
			containerPortal = 607FACC81AFB9204008FA782 /* Project object */;
			proxyType = 1;
			remoteGlobalIDString = 607FACCF1AFB9204008FA782;
			remoteInfo = ReCaptcha_Example;
		};
/* End PBXContainerItemProxy section */

/* Begin PBXFileReference section */
		0A2D0E5B4C6E445BF971488B /* README.md */ = {isa = PBXFileReference; includeInIndex = 1; lastKnownFileType = net.daringfireball.markdown; name = README.md; path = ../README.md; sourceTree = "<group>"; };
		44568771DD76CFBDF2D1C83D /* Pods-ReCaptcha_Tests.release.xcconfig */ = {isa = PBXFileReference; includeInIndex = 1; lastKnownFileType = text.xcconfig; name = "Pods-ReCaptcha_Tests.release.xcconfig"; path = "Pods/Target Support Files/Pods-ReCaptcha_Tests/Pods-ReCaptcha_Tests.release.xcconfig"; sourceTree = "<group>"; };
		4A242A5E18CBBFA095B66558 /* Pods-ReCaptcha_UITests.release.xcconfig */ = {isa = PBXFileReference; includeInIndex = 1; lastKnownFileType = text.xcconfig; name = "Pods-ReCaptcha_UITests.release.xcconfig"; path = "Pods/Target Support Files/Pods-ReCaptcha_UITests/Pods-ReCaptcha_UITests.release.xcconfig"; sourceTree = "<group>"; };
		4FED8267564AACFFEE83DB15 /* Pods-ReCaptcha_Tests.debug.xcconfig */ = {isa = PBXFileReference; includeInIndex = 1; lastKnownFileType = text.xcconfig; name = "Pods-ReCaptcha_Tests.debug.xcconfig"; path = "Pods/Target Support Files/Pods-ReCaptcha_Tests/Pods-ReCaptcha_Tests.debug.xcconfig"; sourceTree = "<group>"; };
		607FACD01AFB9204008FA782 /* ReCaptcha_Example.app */ = {isa = PBXFileReference; explicitFileType = wrapper.application; includeInIndex = 0; path = ReCaptcha_Example.app; sourceTree = BUILT_PRODUCTS_DIR; };
		607FACD41AFB9204008FA782 /* Info.plist */ = {isa = PBXFileReference; lastKnownFileType = text.plist.xml; path = Info.plist; sourceTree = "<group>"; };
		607FACD51AFB9204008FA782 /* AppDelegate.swift */ = {isa = PBXFileReference; lastKnownFileType = sourcecode.swift; path = AppDelegate.swift; sourceTree = "<group>"; };
		607FACD71AFB9204008FA782 /* ViewController.swift */ = {isa = PBXFileReference; lastKnownFileType = sourcecode.swift; path = ViewController.swift; sourceTree = "<group>"; };
		607FACDA1AFB9204008FA782 /* Base */ = {isa = PBXFileReference; lastKnownFileType = file.storyboard; name = Base; path = Base.lproj/Main.storyboard; sourceTree = "<group>"; };
		607FACDC1AFB9204008FA782 /* Images.xcassets */ = {isa = PBXFileReference; lastKnownFileType = folder.assetcatalog; path = Images.xcassets; sourceTree = "<group>"; };
		607FACDF1AFB9204008FA782 /* Base */ = {isa = PBXFileReference; lastKnownFileType = file.xib; name = Base; path = Base.lproj/LaunchScreen.xib; sourceTree = "<group>"; };
		62BEEA62161F672468CCFD64 /* Pods_ReCaptcha_Example.framework */ = {isa = PBXFileReference; explicitFileType = wrapper.framework; includeInIndex = 0; path = Pods_ReCaptcha_Example.framework; sourceTree = BUILT_PRODUCTS_DIR; };
		62C1DD0E80E9920845E5DA51 /* ReCaptcha.podspec */ = {isa = PBXFileReference; includeInIndex = 1; lastKnownFileType = text; name = ReCaptcha.podspec; path = ../ReCaptcha.podspec; sourceTree = "<group>"; xcLanguageSpecificationIdentifier = xcode.lang.ruby; };
		80FF4E03D71AACBD81A36301 /* Pods-ReCaptcha_Example.debug.xcconfig */ = {isa = PBXFileReference; includeInIndex = 1; lastKnownFileType = text.xcconfig; name = "Pods-ReCaptcha_Example.debug.xcconfig"; path = "Pods/Target Support Files/Pods-ReCaptcha_Example/Pods-ReCaptcha_Example.debug.xcconfig"; sourceTree = "<group>"; };
		930BD5ACA20B973070B89ACF /* Pods-ReCaptcha_UITests.debug.xcconfig */ = {isa = PBXFileReference; includeInIndex = 1; lastKnownFileType = text.xcconfig; name = "Pods-ReCaptcha_UITests.debug.xcconfig"; path = "Pods/Target Support Files/Pods-ReCaptcha_UITests/Pods-ReCaptcha_UITests.debug.xcconfig"; sourceTree = "<group>"; };
		9417A28DC340FF0BC1627B3F /* Pods_ReCaptcha_Tests.framework */ = {isa = PBXFileReference; explicitFileType = wrapper.framework; includeInIndex = 0; path = Pods_ReCaptcha_Tests.framework; sourceTree = BUILT_PRODUCTS_DIR; };
		B4C17A11F39B6DC940891AE0 /* Pods_ReCaptcha_UITests.framework */ = {isa = PBXFileReference; explicitFileType = wrapper.framework; includeInIndex = 0; path = Pods_ReCaptcha_UITests.framework; sourceTree = BUILT_PRODUCTS_DIR; };
		C2A0BDD35B5E219129E9BC65 /* Pods-ReCaptcha_Example.release.xcconfig */ = {isa = PBXFileReference; includeInIndex = 1; lastKnownFileType = text.xcconfig; name = "Pods-ReCaptcha_Example.release.xcconfig"; path = "Pods/Target Support Files/Pods-ReCaptcha_Example/Pods-ReCaptcha_Example.release.xcconfig"; sourceTree = "<group>"; };
		C8537003ECC47117AF54DCA9 /* LICENSE */ = {isa = PBXFileReference; includeInIndex = 1; lastKnownFileType = text; name = LICENSE; path = ../LICENSE; sourceTree = "<group>"; };
		F206BAD41F8D3FEB00A25807 /* Cartfile */ = {isa = PBXFileReference; fileEncoding = 4; lastKnownFileType = text; name = Cartfile; path = ../Cartfile; sourceTree = "<group>"; };
		F211C22120F7E0B100709B26 /* ReCaptcha_Endpoint__Tests.swift */ = {isa = PBXFileReference; lastKnownFileType = sourcecode.swift; path = ReCaptcha_Endpoint__Tests.swift; sourceTree = "<group>"; };
		F21901D91F98D62F00D8E2C9 /* CHANGELOG.md */ = {isa = PBXFileReference; lastKnownFileType = net.daringfireball.markdown; name = CHANGELOG.md; path = ../CHANGELOG.md; sourceTree = "<group>"; };
		F231B3961FEC325A00F82943 /* DispatchQueue__Tests.swift */ = {isa = PBXFileReference; lastKnownFileType = sourcecode.swift; path = DispatchQueue__Tests.swift; sourceTree = "<group>"; };
		F231B39E1FED4A8C00F82943 /* ReCaptchaDecoder+Helper.swift */ = {isa = PBXFileReference; lastKnownFileType = sourcecode.swift; path = "ReCaptchaDecoder+Helper.swift"; sourceTree = "<group>"; };
		F288E9441F9537760018688D /* ReCaptchaError+Equatable.swift */ = {isa = PBXFileReference; lastKnownFileType = sourcecode.swift; path = "ReCaptchaError+Equatable.swift"; sourceTree = "<group>"; };
		F28FAC9C200E425600E14987 /* ReCaptcha_UITests.xctest */ = {isa = PBXFileReference; explicitFileType = wrapper.cfbundle; includeInIndex = 0; path = ReCaptcha_UITests.xctest; sourceTree = BUILT_PRODUCTS_DIR; };
		F28FAC9E200E425600E14987 /* ReCaptcha_UITests.swift */ = {isa = PBXFileReference; lastKnownFileType = sourcecode.swift; path = ReCaptcha_UITests.swift; sourceTree = "<group>"; };
		F28FACA0200E425600E14987 /* Info.plist */ = {isa = PBXFileReference; lastKnownFileType = text.plist.xml; path = Info.plist; sourceTree = "<group>"; };
		F2AE8611204F3430002E28D7 /* ReCaptchaResult__Tests.swift */ = {isa = PBXFileReference; fileEncoding = 4; lastKnownFileType = sourcecode.swift; path = ReCaptchaResult__Tests.swift; sourceTree = "<group>"; };
		F2E2685D1F7AEE3400CD876D /* ReCaptcha__Tests.swift */ = {isa = PBXFileReference; fileEncoding = 4; lastKnownFileType = sourcecode.swift; path = ReCaptcha__Tests.swift; sourceTree = "<group>"; };
		F2ECCF761E9FC47B0097B199 /* ReCaptcha_Tests.xctest */ = {isa = PBXFileReference; explicitFileType = wrapper.cfbundle; includeInIndex = 0; path = ReCaptcha_Tests.xctest; sourceTree = BUILT_PRODUCTS_DIR; };
		F2ECCF7A1E9FC47B0097B199 /* Info.plist */ = {isa = PBXFileReference; lastKnownFileType = text.plist.xml; path = Info.plist; sourceTree = "<group>"; };
		F2ECCF891E9FCEFE0097B199 /* ReCaptchaDecoder__Tests.swift */ = {isa = PBXFileReference; fileEncoding = 4; lastKnownFileType = sourcecode.swift; path = ReCaptchaDecoder__Tests.swift; sourceTree = "<group>"; };
		F2ECCF8B1E9FE37C0097B199 /* mock.html */ = {isa = PBXFileReference; fileEncoding = 4; lastKnownFileType = text.html; path = mock.html; sourceTree = "<group>"; };
		F2ECCF8D1E9FE68C0097B199 /* ReCaptchaWebViewManager__Tests.swift */ = {isa = PBXFileReference; fileEncoding = 4; lastKnownFileType = sourcecode.swift; path = ReCaptchaWebViewManager__Tests.swift; sourceTree = "<group>"; };
		F2ECCF921EA009360097B199 /* ReCaptcha+Rx__Tests.swift */ = {isa = PBXFileReference; fileEncoding = 4; lastKnownFileType = sourcecode.swift; path = "ReCaptcha+Rx__Tests.swift"; sourceTree = "<group>"; };
		F2ECCF951EA00A5B0097B199 /* ReCaptchaWebViewManager+Helpers.swift */ = {isa = PBXFileReference; fileEncoding = 4; lastKnownFileType = sourcecode.swift; path = "ReCaptchaWebViewManager+Helpers.swift"; sourceTree = "<group>"; };
		F2ECCF971EA011370097B199 /* Result+Helpers.swift */ = {isa = PBXFileReference; fileEncoding = 4; lastKnownFileType = sourcecode.swift; path = "Result+Helpers.swift"; sourceTree = "<group>"; };
/* End PBXFileReference section */

/* Begin PBXFrameworksBuildPhase section */
		607FACCD1AFB9204008FA782 /* Frameworks */ = {
			isa = PBXFrameworksBuildPhase;
			buildActionMask = 2147483647;
			files = (
				BD850CB2DF4C9C94FC51226C /* Pods_ReCaptcha_Example.framework in Frameworks */,
			);
			runOnlyForDeploymentPostprocessing = 0;
		};
		F28FAC99200E425600E14987 /* Frameworks */ = {
			isa = PBXFrameworksBuildPhase;
			buildActionMask = 2147483647;
			files = (
				9D85E832734B73CFBD0156E0 /* Pods_ReCaptcha_UITests.framework in Frameworks */,
			);
			runOnlyForDeploymentPostprocessing = 0;
		};
		F2ECCF731E9FC47B0097B199 /* Frameworks */ = {
			isa = PBXFrameworksBuildPhase;
			buildActionMask = 2147483647;
			files = (
				D091B6E053FD250B4757E34C /* Pods_ReCaptcha_Tests.framework in Frameworks */,
			);
			runOnlyForDeploymentPostprocessing = 0;
		};
/* End PBXFrameworksBuildPhase section */

/* Begin PBXGroup section */
		607FACC71AFB9204008FA782 = {
			isa = PBXGroup;
			children = (
				607FACF51AFB993E008FA782 /* Podspec Metadata */,
				607FACD21AFB9204008FA782 /* Example for ReCaptcha */,
				F2ECCF771E9FC47B0097B199 /* ReCaptcha_Tests */,
				F28FAC9D200E425600E14987 /* ReCaptcha_UITests */,
				607FACD11AFB9204008FA782 /* Products */,
				716E2370DBF48D5E2C86E802 /* Pods */,
				FDC29111B59FAB9F0F44DADB /* Frameworks */,
			);
			sourceTree = "<group>";
		};
		607FACD11AFB9204008FA782 /* Products */ = {
			isa = PBXGroup;
			children = (
				607FACD01AFB9204008FA782 /* ReCaptcha_Example.app */,
				F2ECCF761E9FC47B0097B199 /* ReCaptcha_Tests.xctest */,
				F28FAC9C200E425600E14987 /* ReCaptcha_UITests.xctest */,
			);
			name = Products;
			sourceTree = "<group>";
		};
		607FACD21AFB9204008FA782 /* Example for ReCaptcha */ = {
			isa = PBXGroup;
			children = (
				607FACD51AFB9204008FA782 /* AppDelegate.swift */,
				607FACD71AFB9204008FA782 /* ViewController.swift */,
				607FACD91AFB9204008FA782 /* Main.storyboard */,
				607FACDC1AFB9204008FA782 /* Images.xcassets */,
				607FACDE1AFB9204008FA782 /* LaunchScreen.xib */,
				607FACD31AFB9204008FA782 /* Supporting Files */,
			);
			name = "Example for ReCaptcha";
			path = ReCaptcha;
			sourceTree = "<group>";
		};
		607FACD31AFB9204008FA782 /* Supporting Files */ = {
			isa = PBXGroup;
			children = (
				607FACD41AFB9204008FA782 /* Info.plist */,
			);
			name = "Supporting Files";
			sourceTree = "<group>";
		};
		607FACF51AFB993E008FA782 /* Podspec Metadata */ = {
			isa = PBXGroup;
			children = (
				62C1DD0E80E9920845E5DA51 /* ReCaptcha.podspec */,
				F206BAD41F8D3FEB00A25807 /* Cartfile */,
				0A2D0E5B4C6E445BF971488B /* README.md */,
				C8537003ECC47117AF54DCA9 /* LICENSE */,
				F21901D91F98D62F00D8E2C9 /* CHANGELOG.md */,
			);
			name = "Podspec Metadata";
			sourceTree = "<group>";
		};
		716E2370DBF48D5E2C86E802 /* Pods */ = {
			isa = PBXGroup;
			children = (
				80FF4E03D71AACBD81A36301 /* Pods-ReCaptcha_Example.debug.xcconfig */,
				C2A0BDD35B5E219129E9BC65 /* Pods-ReCaptcha_Example.release.xcconfig */,
				4FED8267564AACFFEE83DB15 /* Pods-ReCaptcha_Tests.debug.xcconfig */,
				44568771DD76CFBDF2D1C83D /* Pods-ReCaptcha_Tests.release.xcconfig */,
				930BD5ACA20B973070B89ACF /* Pods-ReCaptcha_UITests.debug.xcconfig */,
				4A242A5E18CBBFA095B66558 /* Pods-ReCaptcha_UITests.release.xcconfig */,
			);
			name = Pods;
			sourceTree = "<group>";
		};
		F28FAC9D200E425600E14987 /* ReCaptcha_UITests */ = {
			isa = PBXGroup;
			children = (
				F28FAC9E200E425600E14987 /* ReCaptcha_UITests.swift */,
				F28FACA0200E425600E14987 /* Info.plist */,
			);
			path = ReCaptcha_UITests;
			sourceTree = "<group>";
		};
		F2ECCF771E9FC47B0097B199 /* ReCaptcha_Tests */ = {
			isa = PBXGroup;
			children = (
				F2ECCF8B1E9FE37C0097B199 /* mock.html */,
				F2ECCF821E9FC4AC0097B199 /* Core */,
				F2ECCF911EA009220097B199 /* RxSwift */,
				F2ECCF941EA00A4A0097B199 /* Helpers */,
				F2ECCF7A1E9FC47B0097B199 /* Info.plist */,
			);
			path = ReCaptcha_Tests;
			sourceTree = "<group>";
		};
		F2ECCF821E9FC4AC0097B199 /* Core */ = {
			isa = PBXGroup;
			children = (
				F2ECCF891E9FCEFE0097B199 /* ReCaptchaDecoder__Tests.swift */,
				F2ECCF8D1E9FE68C0097B199 /* ReCaptchaWebViewManager__Tests.swift */,
				F2E2685D1F7AEE3400CD876D /* ReCaptcha__Tests.swift */,
				F231B3961FEC325A00F82943 /* DispatchQueue__Tests.swift */,
				F2AE8611204F3430002E28D7 /* ReCaptchaResult__Tests.swift */,
				F211C22120F7E0B100709B26 /* ReCaptcha_Endpoint__Tests.swift */,
			);
			path = Core;
			sourceTree = "<group>";
		};
		F2ECCF911EA009220097B199 /* RxSwift */ = {
			isa = PBXGroup;
			children = (
				F2ECCF921EA009360097B199 /* ReCaptcha+Rx__Tests.swift */,
			);
			path = RxSwift;
			sourceTree = "<group>";
		};
		F2ECCF941EA00A4A0097B199 /* Helpers */ = {
			isa = PBXGroup;
			children = (
				F2ECCF951EA00A5B0097B199 /* ReCaptchaWebViewManager+Helpers.swift */,
				F2ECCF971EA011370097B199 /* Result+Helpers.swift */,
				F288E9441F9537760018688D /* ReCaptchaError+Equatable.swift */,
				F231B39E1FED4A8C00F82943 /* ReCaptchaDecoder+Helper.swift */,
			);
			path = Helpers;
			sourceTree = "<group>";
		};
		FDC29111B59FAB9F0F44DADB /* Frameworks */ = {
			isa = PBXGroup;
			children = (
				62BEEA62161F672468CCFD64 /* Pods_ReCaptcha_Example.framework */,
				9417A28DC340FF0BC1627B3F /* Pods_ReCaptcha_Tests.framework */,
				B4C17A11F39B6DC940891AE0 /* Pods_ReCaptcha_UITests.framework */,
			);
			name = Frameworks;
			sourceTree = "<group>";
		};
/* End PBXGroup section */

/* Begin PBXNativeTarget section */
		607FACCF1AFB9204008FA782 /* ReCaptcha_Example */ = {
			isa = PBXNativeTarget;
			buildConfigurationList = 607FACEF1AFB9204008FA782 /* Build configuration list for PBXNativeTarget "ReCaptcha_Example" */;
			buildPhases = (
				51299F67A8756E2B3EAE411A /* [CP] Check Pods Manifest.lock */,
				607FACCC1AFB9204008FA782 /* Sources */,
				607FACCD1AFB9204008FA782 /* Frameworks */,
				607FACCE1AFB9204008FA782 /* Resources */,
				8F03FFB3F5C55E873C23C682 /* [CP] Embed Pods Frameworks */,
				F231B3981FEC3B7F00F82943 /* SwiftLint */,
			);
			buildRules = (
			);
			dependencies = (
			);
			name = ReCaptcha_Example;
			productName = ReCaptcha;
			productReference = 607FACD01AFB9204008FA782 /* ReCaptcha_Example.app */;
			productType = "com.apple.product-type.application";
		};
		F28FAC9B200E425600E14987 /* ReCaptcha_UITests */ = {
			isa = PBXNativeTarget;
			buildConfigurationList = F28FACA5200E425600E14987 /* Build configuration list for PBXNativeTarget "ReCaptcha_UITests" */;
			buildPhases = (
				B8A66872166B84DAD39A3E1F /* [CP] Check Pods Manifest.lock */,
				F28FAC98200E425600E14987 /* Sources */,
				F28FAC99200E425600E14987 /* Frameworks */,
				F28FAC9A200E425600E14987 /* Resources */,
				F28FACA6200E447600E14987 /* ShellScript */,
			);
			buildRules = (
			);
			dependencies = (
				F28FACA2200E425600E14987 /* PBXTargetDependency */,
			);
			name = ReCaptcha_UITests;
			productName = ReCaptcha_UITests;
			productReference = F28FAC9C200E425600E14987 /* ReCaptcha_UITests.xctest */;
			productType = "com.apple.product-type.bundle.ui-testing";
		};
		F2ECCF751E9FC47B0097B199 /* ReCaptcha_Tests */ = {
			isa = PBXNativeTarget;
			buildConfigurationList = F2ECCF7D1E9FC47B0097B199 /* Build configuration list for PBXNativeTarget "ReCaptcha_Tests" */;
			buildPhases = (
				DDB47454887253730AB35230 /* [CP] Check Pods Manifest.lock */,
				F2ECCF721E9FC47B0097B199 /* Sources */,
				F2ECCF731E9FC47B0097B199 /* Frameworks */,
				F2ECCF741E9FC47B0097B199 /* Resources */,
				77003100630E7783A936C451 /* [CP] Embed Pods Frameworks */,
			);
			buildRules = (
			);
			dependencies = (
				F2ECCF7C1E9FC47B0097B199 /* PBXTargetDependency */,
			);
			name = ReCaptcha_Tests;
			productName = ReCaptcha_Tests;
			productReference = F2ECCF761E9FC47B0097B199 /* ReCaptcha_Tests.xctest */;
			productType = "com.apple.product-type.bundle.unit-test";
		};
/* End PBXNativeTarget section */

/* Begin PBXProject section */
		607FACC81AFB9204008FA782 /* Project object */ = {
			isa = PBXProject;
			attributes = {
				LastSwiftUpdateCheck = 0910;
				LastUpgradeCheck = 0900;
				ORGANIZATIONNAME = ReCaptcha;
				TargetAttributes = {
					607FACCF1AFB9204008FA782 = {
						CreatedOnToolsVersion = 6.3.1;
						DevelopmentTeam = 58EEZG76L8;
						LastSwiftMigration = 1020;
						ProvisioningStyle = Manual;
					};
					F28FAC9B200E425600E14987 = {
						CreatedOnToolsVersion = 9.1;
						LastSwiftMigration = 1020;
						ProvisioningStyle = Automatic;
						TestTargetID = 607FACCF1AFB9204008FA782;
					};
					F2ECCF751E9FC47B0097B199 = {
						CreatedOnToolsVersion = 8.3;
						LastSwiftMigration = 1020;
						ProvisioningStyle = Automatic;
						TestTargetID = 607FACCF1AFB9204008FA782;
					};
				};
			};
			buildConfigurationList = 607FACCB1AFB9204008FA782 /* Build configuration list for PBXProject "ReCaptcha" */;
			compatibilityVersion = "Xcode 3.2";
			developmentRegion = English;
			hasScannedForEncodings = 0;
			knownRegions = (
				English,
				en,
				Base,
			);
			mainGroup = 607FACC71AFB9204008FA782;
			productRefGroup = 607FACD11AFB9204008FA782 /* Products */;
			projectDirPath = "";
			projectRoot = "";
			targets = (
				607FACCF1AFB9204008FA782 /* ReCaptcha_Example */,
				F2ECCF751E9FC47B0097B199 /* ReCaptcha_Tests */,
				F28FAC9B200E425600E14987 /* ReCaptcha_UITests */,
			);
		};
/* End PBXProject section */

/* Begin PBXResourcesBuildPhase section */
		607FACCE1AFB9204008FA782 /* Resources */ = {
			isa = PBXResourcesBuildPhase;
			buildActionMask = 2147483647;
			files = (
				F206BAD51F8D3FEB00A25807 /* Cartfile in Resources */,
				607FACDB1AFB9204008FA782 /* Main.storyboard in Resources */,
				607FACE01AFB9204008FA782 /* LaunchScreen.xib in Resources */,
				607FACDD1AFB9204008FA782 /* Images.xcassets in Resources */,
			);
			runOnlyForDeploymentPostprocessing = 0;
		};
		F28FAC9A200E425600E14987 /* Resources */ = {
			isa = PBXResourcesBuildPhase;
			buildActionMask = 2147483647;
			files = (
			);
			runOnlyForDeploymentPostprocessing = 0;
		};
		F2ECCF741E9FC47B0097B199 /* Resources */ = {
			isa = PBXResourcesBuildPhase;
			buildActionMask = 2147483647;
			files = (
				F2ECCF8C1E9FE37C0097B199 /* mock.html in Resources */,
			);
			runOnlyForDeploymentPostprocessing = 0;
		};
/* End PBXResourcesBuildPhase section */

/* Begin PBXShellScriptBuildPhase section */
		51299F67A8756E2B3EAE411A /* [CP] Check Pods Manifest.lock */ = {
			isa = PBXShellScriptBuildPhase;
			buildActionMask = 2147483647;
			files = (
			);
			inputPaths = (
				"${PODS_PODFILE_DIR_PATH}/Podfile.lock",
				"${PODS_ROOT}/Manifest.lock",
			);
			name = "[CP] Check Pods Manifest.lock";
			outputPaths = (
				"$(DERIVED_FILE_DIR)/Pods-ReCaptcha_Example-checkManifestLockResult.txt",
			);
			runOnlyForDeploymentPostprocessing = 0;
			shellPath = /bin/sh;
			shellScript = "diff \"${PODS_PODFILE_DIR_PATH}/Podfile.lock\" \"${PODS_ROOT}/Manifest.lock\" > /dev/null\nif [ $? != 0 ] ; then\n    # print error to STDERR\n    echo \"error: The sandbox is not in sync with the Podfile.lock. Run 'pod install' or update your CocoaPods installation.\" >&2\n    exit 1\nfi\n# This output is used by Xcode 'outputs' to avoid re-running this script phase.\necho \"SUCCESS\" > \"${SCRIPT_OUTPUT_FILE_0}\"\n";
			showEnvVarsInLog = 0;
		};
		77003100630E7783A936C451 /* [CP] Embed Pods Frameworks */ = {
			isa = PBXShellScriptBuildPhase;
			buildActionMask = 2147483647;
			files = (
			);
			inputPaths = (
				"${PODS_ROOT}/Target Support Files/Pods-ReCaptcha_Tests/Pods-ReCaptcha_Tests-frameworks.sh",
				"${BUILT_PRODUCTS_DIR}/RxSwift/RxSwift.framework",
				"${BUILT_PRODUCTS_DIR}/AppSwizzle/AppSwizzle.framework",
				"${BUILT_PRODUCTS_DIR}/RxBlocking/RxBlocking.framework",
			);
			name = "[CP] Embed Pods Frameworks";
			outputPaths = (
				"${TARGET_BUILD_DIR}/${FRAMEWORKS_FOLDER_PATH}/RxSwift.framework",
				"${TARGET_BUILD_DIR}/${FRAMEWORKS_FOLDER_PATH}/AppSwizzle.framework",
				"${TARGET_BUILD_DIR}/${FRAMEWORKS_FOLDER_PATH}/RxBlocking.framework",
			);
			runOnlyForDeploymentPostprocessing = 0;
			shellPath = /bin/sh;
			shellScript = "\"${PODS_ROOT}/Target Support Files/Pods-ReCaptcha_Tests/Pods-ReCaptcha_Tests-frameworks.sh\"\n";
			showEnvVarsInLog = 0;
		};
		8F03FFB3F5C55E873C23C682 /* [CP] Embed Pods Frameworks */ = {
			isa = PBXShellScriptBuildPhase;
			buildActionMask = 2147483647;
			files = (
			);
			inputPaths = (
				"${PODS_ROOT}/Target Support Files/Pods-ReCaptcha_Example/Pods-ReCaptcha_Example-frameworks.sh",
				"${BUILT_PRODUCTS_DIR}/ReCaptcha/ReCaptcha.framework",
				"${BUILT_PRODUCTS_DIR}/RxCocoa/RxCocoa.framework",
				"${BUILT_PRODUCTS_DIR}/RxRelay/RxRelay.framework",
				"${BUILT_PRODUCTS_DIR}/RxSwift/RxSwift.framework",
			);
			name = "[CP] Embed Pods Frameworks";
			outputPaths = (
				"${TARGET_BUILD_DIR}/${FRAMEWORKS_FOLDER_PATH}/ReCaptcha.framework",
				"${TARGET_BUILD_DIR}/${FRAMEWORKS_FOLDER_PATH}/RxCocoa.framework",
				"${TARGET_BUILD_DIR}/${FRAMEWORKS_FOLDER_PATH}/RxRelay.framework",
				"${TARGET_BUILD_DIR}/${FRAMEWORKS_FOLDER_PATH}/RxSwift.framework",
			);
			runOnlyForDeploymentPostprocessing = 0;
			shellPath = /bin/sh;
			shellScript = "\"${PODS_ROOT}/Target Support Files/Pods-ReCaptcha_Example/Pods-ReCaptcha_Example-frameworks.sh\"\n";
			showEnvVarsInLog = 0;
		};
		B8A66872166B84DAD39A3E1F /* [CP] Check Pods Manifest.lock */ = {
			isa = PBXShellScriptBuildPhase;
			buildActionMask = 2147483647;
			files = (
			);
			inputPaths = (
				"${PODS_PODFILE_DIR_PATH}/Podfile.lock",
				"${PODS_ROOT}/Manifest.lock",
			);
			name = "[CP] Check Pods Manifest.lock";
			outputPaths = (
				"$(DERIVED_FILE_DIR)/Pods-ReCaptcha_UITests-checkManifestLockResult.txt",
			);
			runOnlyForDeploymentPostprocessing = 0;
			shellPath = /bin/sh;
			shellScript = "diff \"${PODS_PODFILE_DIR_PATH}/Podfile.lock\" \"${PODS_ROOT}/Manifest.lock\" > /dev/null\nif [ $? != 0 ] ; then\n    # print error to STDERR\n    echo \"error: The sandbox is not in sync with the Podfile.lock. Run 'pod install' or update your CocoaPods installation.\" >&2\n    exit 1\nfi\n# This output is used by Xcode 'outputs' to avoid re-running this script phase.\necho \"SUCCESS\" > \"${SCRIPT_OUTPUT_FILE_0}\"\n";
			showEnvVarsInLog = 0;
		};
		DDB47454887253730AB35230 /* [CP] Check Pods Manifest.lock */ = {
			isa = PBXShellScriptBuildPhase;
			buildActionMask = 2147483647;
			files = (
			);
			inputPaths = (
				"${PODS_PODFILE_DIR_PATH}/Podfile.lock",
				"${PODS_ROOT}/Manifest.lock",
			);
			name = "[CP] Check Pods Manifest.lock";
			outputPaths = (
				"$(DERIVED_FILE_DIR)/Pods-ReCaptcha_Tests-checkManifestLockResult.txt",
			);
			runOnlyForDeploymentPostprocessing = 0;
			shellPath = /bin/sh;
			shellScript = "diff \"${PODS_PODFILE_DIR_PATH}/Podfile.lock\" \"${PODS_ROOT}/Manifest.lock\" > /dev/null\nif [ $? != 0 ] ; then\n    # print error to STDERR\n    echo \"error: The sandbox is not in sync with the Podfile.lock. Run 'pod install' or update your CocoaPods installation.\" >&2\n    exit 1\nfi\n# This output is used by Xcode 'outputs' to avoid re-running this script phase.\necho \"SUCCESS\" > \"${SCRIPT_OUTPUT_FILE_0}\"\n";
			showEnvVarsInLog = 0;
		};
		F231B3981FEC3B7F00F82943 /* SwiftLint */ = {
			isa = PBXShellScriptBuildPhase;
			buildActionMask = 2147483647;
			files = (
			);
			inputPaths = (
			);
			name = SwiftLint;
			outputPaths = (
			);
			runOnlyForDeploymentPostprocessing = 0;
			shellPath = /bin/sh;
			shellScript = "\"${PODS_ROOT}/SwiftLint/swiftlint\" --path \"${PROJECT_DIR}/..\"\n";
		};
		F28FACA6200E447600E14987 /* ShellScript */ = {
			isa = PBXShellScriptBuildPhase;
			buildActionMask = 2147483647;
			files = (
			);
			inputPaths = (
			);
			outputPaths = (
			);
			runOnlyForDeploymentPostprocessing = 0;
			shellPath = /bin/sh;
			shellScript = "# Unfortuantely, Xcode 7.3 and Cocoapods are not yet fully compatible. The location of the xctest bundle has changed and so we need to manually copy some things ...\n# this fix is necesary - tested on Cocoapods 1.1.rc2 that still have the issue.\n# ver 0.2\n\n# set variables\nBUILD_ROOT=\"${BUILT_PRODUCTS_DIR}\"\n\nMAIN_TARGET_NAME=\"ReCaptcha_Example.app\"   #if you know how to get this from here do let me know!\nMAIN_TARGET_FRAMEWORKS=\"${BUILT_PRODUCTS_DIR}/${MAIN_TARGET_NAME}/Frameworks\"\n\nTEST_TARGET_NAME=\"ReCaptcha_UITests\"\nTEST_RUNNER_TARGET_FRAMEWORKS=\"${BUILT_PRODUCTS_DIR}/${TEST_TARGET_NAME}-Runner.app\"\n\n# COPY FRAMEWORKS FROM MAIN TARGET TO TEST TARGET if framework folder exists\nif [[ -d \"${MAIN_TARGET_FRAMEWORKS}\" ]]; then\necho \"**** COPYING FRAMEWORKS FROM \\\"${MAIN_TARGET_FRAMEWORKS}\\\" TO \\\"${TEST_RUNNER_TARGET_FRAMEWORKS}\\\" ...\"\ncp -R \"${MAIN_TARGET_FRAMEWORKS}\" \"${TEST_RUNNER_TARGET_FRAMEWORKS}\"\nfi\n\n# You don't really need this section below if your script works, otherwise it is quite helpful to troubleshoot any problems with paths.\n\n# DEBUG SECTION\necho \"BUILD_ROOT : ${BUILD_ROOT}\"\necho \"MAIN_TARGET_NAME : ${MAIN_TARGET_NAME}\"\necho \"MAIN_TARGET_FRAMEWORKS ${MAIN_TARGET_FRAMEWORKS}\"\necho \"TEST_TARGET_NAME : ${TEST_TARGET_NAME}\"\necho \"TEST_RUNNER_TARGET_FRAMEWORKS : ${TEST_TARGET_FRAMEWORKS}\"\necho \"CONTENT: ${CONTENTS_FOLDER_PATH}\"\necho \"FRAMEWORK PATH: ${FRAMEWORKS_FOLDER_PATH}\"\necho \"TARGET BUILD DIR: ${TARGET_BUILD_DIR}\"";
		};
/* End PBXShellScriptBuildPhase section */

/* Begin PBXSourcesBuildPhase section */
		607FACCC1AFB9204008FA782 /* Sources */ = {
			isa = PBXSourcesBuildPhase;
			buildActionMask = 2147483647;
			files = (
				607FACD81AFB9204008FA782 /* ViewController.swift in Sources */,
				607FACD61AFB9204008FA782 /* AppDelegate.swift in Sources */,
			);
			runOnlyForDeploymentPostprocessing = 0;
		};
		F28FAC98200E425600E14987 /* Sources */ = {
			isa = PBXSourcesBuildPhase;
			buildActionMask = 2147483647;
			files = (
				F28FAC9F200E425600E14987 /* ReCaptcha_UITests.swift in Sources */,
			);
			runOnlyForDeploymentPostprocessing = 0;
		};
		F2ECCF721E9FC47B0097B199 /* Sources */ = {
			isa = PBXSourcesBuildPhase;
			buildActionMask = 2147483647;
			files = (
				F2AE8612204F3430002E28D7 /* ReCaptchaResult__Tests.swift in Sources */,
				F2ECCF961EA00A5B0097B199 /* ReCaptchaWebViewManager+Helpers.swift in Sources */,
				F2ECCF8E1E9FE68C0097B199 /* ReCaptchaWebViewManager__Tests.swift in Sources */,
				F2ECCF981EA011370097B199 /* Result+Helpers.swift in Sources */,
				F231B3971FEC325A00F82943 /* DispatchQueue__Tests.swift in Sources */,
				F231B39F1FED4A8C00F82943 /* ReCaptchaDecoder+Helper.swift in Sources */,
				F211C22220F7E0B100709B26 /* ReCaptcha_Endpoint__Tests.swift in Sources */,
				F2E2685E1F7AEE3400CD876D /* ReCaptcha__Tests.swift in Sources */,
				F2ECCF931EA009360097B199 /* ReCaptcha+Rx__Tests.swift in Sources */,
				F288E9451F9537760018688D /* ReCaptchaError+Equatable.swift in Sources */,
				F2ECCF8A1E9FCEFE0097B199 /* ReCaptchaDecoder__Tests.swift in Sources */,
			);
			runOnlyForDeploymentPostprocessing = 0;
		};
/* End PBXSourcesBuildPhase section */

/* Begin PBXTargetDependency section */
		F28FACA2200E425600E14987 /* PBXTargetDependency */ = {
			isa = PBXTargetDependency;
			target = 607FACCF1AFB9204008FA782 /* ReCaptcha_Example */;
			targetProxy = F28FACA1200E425600E14987 /* PBXContainerItemProxy */;
		};
		F2ECCF7C1E9FC47B0097B199 /* PBXTargetDependency */ = {
			isa = PBXTargetDependency;
			target = 607FACCF1AFB9204008FA782 /* ReCaptcha_Example */;
			targetProxy = F2ECCF7B1E9FC47B0097B199 /* PBXContainerItemProxy */;
		};
/* End PBXTargetDependency section */

/* Begin PBXVariantGroup section */
		607FACD91AFB9204008FA782 /* Main.storyboard */ = {
			isa = PBXVariantGroup;
			children = (
				607FACDA1AFB9204008FA782 /* Base */,
			);
			name = Main.storyboard;
			sourceTree = "<group>";
		};
		607FACDE1AFB9204008FA782 /* LaunchScreen.xib */ = {
			isa = PBXVariantGroup;
			children = (
				607FACDF1AFB9204008FA782 /* Base */,
			);
			name = LaunchScreen.xib;
			sourceTree = "<group>";
		};
/* End PBXVariantGroup section */

/* Begin XCBuildConfiguration section */
		607FACED1AFB9204008FA782 /* Debug */ = {
			isa = XCBuildConfiguration;
			buildSettings = {
				ALWAYS_SEARCH_USER_PATHS = NO;
				CLANG_CXX_LANGUAGE_STANDARD = "gnu++0x";
				CLANG_CXX_LIBRARY = "libc++";
				CLANG_ENABLE_MODULES = YES;
				CLANG_ENABLE_OBJC_ARC = YES;
				CLANG_WARN_BLOCK_CAPTURE_AUTORELEASING = YES;
				CLANG_WARN_BOOL_CONVERSION = YES;
				CLANG_WARN_COMMA = YES;
				CLANG_WARN_CONSTANT_CONVERSION = YES;
				CLANG_WARN_DIRECT_OBJC_ISA_USAGE = YES_ERROR;
				CLANG_WARN_EMPTY_BODY = YES;
				CLANG_WARN_ENUM_CONVERSION = YES;
				CLANG_WARN_INFINITE_RECURSION = YES;
				CLANG_WARN_INT_CONVERSION = YES;
				CLANG_WARN_NON_LITERAL_NULL_CONVERSION = YES;
				CLANG_WARN_OBJC_LITERAL_CONVERSION = YES;
				CLANG_WARN_OBJC_ROOT_CLASS = YES_ERROR;
				CLANG_WARN_RANGE_LOOP_ANALYSIS = YES;
				CLANG_WARN_STRICT_PROTOTYPES = YES;
				CLANG_WARN_SUSPICIOUS_MOVE = YES;
				CLANG_WARN_UNREACHABLE_CODE = YES;
				CLANG_WARN__DUPLICATE_METHOD_MATCH = YES;
				"CODE_SIGN_IDENTITY[sdk=iphoneos*]" = "iPhone Developer";
				COPY_PHASE_STRIP = NO;
				DEBUG_INFORMATION_FORMAT = "dwarf-with-dsym";
				ENABLE_STRICT_OBJC_MSGSEND = YES;
				ENABLE_TESTABILITY = YES;
				GCC_C_LANGUAGE_STANDARD = gnu99;
				GCC_DYNAMIC_NO_PIC = NO;
				GCC_NO_COMMON_BLOCKS = YES;
				GCC_OPTIMIZATION_LEVEL = 0;
				GCC_PREPROCESSOR_DEFINITIONS = (
					"DEBUG=1",
					"$(inherited)",
				);
				GCC_SYMBOLS_PRIVATE_EXTERN = NO;
				GCC_WARN_64_TO_32_BIT_CONVERSION = YES;
				GCC_WARN_ABOUT_RETURN_TYPE = YES_ERROR;
				GCC_WARN_UNDECLARED_SELECTOR = YES;
				GCC_WARN_UNINITIALIZED_AUTOS = YES_AGGRESSIVE;
				GCC_WARN_UNUSED_FUNCTION = YES;
				GCC_WARN_UNUSED_VARIABLE = YES;
				IPHONEOS_DEPLOYMENT_TARGET = 8.0;
				MTL_ENABLE_DEBUG_INFO = YES;
				ONLY_ACTIVE_ARCH = YES;
				SDKROOT = iphoneos;
				SWIFT_OPTIMIZATION_LEVEL = "-Onone";
			};
			name = Debug;
		};
		607FACEE1AFB9204008FA782 /* Release */ = {
			isa = XCBuildConfiguration;
			buildSettings = {
				ALWAYS_SEARCH_USER_PATHS = NO;
				CLANG_CXX_LANGUAGE_STANDARD = "gnu++0x";
				CLANG_CXX_LIBRARY = "libc++";
				CLANG_ENABLE_MODULES = YES;
				CLANG_ENABLE_OBJC_ARC = YES;
				CLANG_WARN_BLOCK_CAPTURE_AUTORELEASING = YES;
				CLANG_WARN_BOOL_CONVERSION = YES;
				CLANG_WARN_COMMA = YES;
				CLANG_WARN_CONSTANT_CONVERSION = YES;
				CLANG_WARN_DIRECT_OBJC_ISA_USAGE = YES_ERROR;
				CLANG_WARN_EMPTY_BODY = YES;
				CLANG_WARN_ENUM_CONVERSION = YES;
				CLANG_WARN_INFINITE_RECURSION = YES;
				CLANG_WARN_INT_CONVERSION = YES;
				CLANG_WARN_NON_LITERAL_NULL_CONVERSION = YES;
				CLANG_WARN_OBJC_LITERAL_CONVERSION = YES;
				CLANG_WARN_OBJC_ROOT_CLASS = YES_ERROR;
				CLANG_WARN_RANGE_LOOP_ANALYSIS = YES;
				CLANG_WARN_STRICT_PROTOTYPES = YES;
				CLANG_WARN_SUSPICIOUS_MOVE = YES;
				CLANG_WARN_UNREACHABLE_CODE = YES;
				CLANG_WARN__DUPLICATE_METHOD_MATCH = YES;
				"CODE_SIGN_IDENTITY[sdk=iphoneos*]" = "iPhone Developer";
				COPY_PHASE_STRIP = NO;
				DEBUG_INFORMATION_FORMAT = "dwarf-with-dsym";
				ENABLE_NS_ASSERTIONS = NO;
				ENABLE_STRICT_OBJC_MSGSEND = YES;
				GCC_C_LANGUAGE_STANDARD = gnu99;
				GCC_NO_COMMON_BLOCKS = YES;
				GCC_WARN_64_TO_32_BIT_CONVERSION = YES;
				GCC_WARN_ABOUT_RETURN_TYPE = YES_ERROR;
				GCC_WARN_UNDECLARED_SELECTOR = YES;
				GCC_WARN_UNINITIALIZED_AUTOS = YES_AGGRESSIVE;
				GCC_WARN_UNUSED_FUNCTION = YES;
				GCC_WARN_UNUSED_VARIABLE = YES;
				IPHONEOS_DEPLOYMENT_TARGET = 8.0;
				MTL_ENABLE_DEBUG_INFO = NO;
				SDKROOT = iphoneos;
				SWIFT_OPTIMIZATION_LEVEL = "-Owholemodule";
				VALIDATE_PRODUCT = YES;
			};
			name = Release;
		};
		607FACF01AFB9204008FA782 /* Debug */ = {
			isa = XCBuildConfiguration;
			baseConfigurationReference = 80FF4E03D71AACBD81A36301 /* Pods-ReCaptcha_Example.debug.xcconfig */;
			buildSettings = {
				ASSETCATALOG_COMPILER_APPICON_NAME = AppIcon;
				CODE_SIGN_STYLE = Manual;
				DEVELOPMENT_TEAM = 58EEZG76L8;
				INFOPLIST_FILE = ReCaptcha/Info.plist;
				IPHONEOS_DEPLOYMENT_TARGET = 9.0;
				LD_RUNPATH_SEARCH_PATHS = "$(inherited) @executable_path/Frameworks";
				MODULE_NAME = ExampleApp;
				PRODUCT_BUNDLE_IDENTIFIER = "com.flaviocaetano.ReCaptcha-Example";
				PRODUCT_NAME = "$(TARGET_NAME)";
				PROVISIONING_PROFILE_SPECIFIER = "Development Wildcard";
				SWIFT_VERSION = 5.0;
			};
			name = Debug;
		};
		607FACF11AFB9204008FA782 /* Release */ = {
			isa = XCBuildConfiguration;
			baseConfigurationReference = C2A0BDD35B5E219129E9BC65 /* Pods-ReCaptcha_Example.release.xcconfig */;
			buildSettings = {
				ASSETCATALOG_COMPILER_APPICON_NAME = AppIcon;
				CODE_SIGN_STYLE = Manual;
				DEVELOPMENT_TEAM = "";
				INFOPLIST_FILE = ReCaptcha/Info.plist;
				IPHONEOS_DEPLOYMENT_TARGET = 9.0;
				LD_RUNPATH_SEARCH_PATHS = "$(inherited) @executable_path/Frameworks";
				MODULE_NAME = ExampleApp;
				PRODUCT_BUNDLE_IDENTIFIER = "com.flaviocaetano.ReCaptcha-Example";
				PRODUCT_NAME = "$(TARGET_NAME)";
				PROVISIONING_PROFILE_SPECIFIER = "";
				SWIFT_VERSION = 5.0;
			};
			name = Release;
		};
		F28FACA3200E425600E14987 /* Debug */ = {
			isa = XCBuildConfiguration;
			baseConfigurationReference = 930BD5ACA20B973070B89ACF /* Pods-ReCaptcha_UITests.debug.xcconfig */;
			buildSettings = {
				CLANG_ANALYZER_NONNULL = YES;
				CLANG_ANALYZER_NUMBER_OBJECT_CONVERSION = YES_AGGRESSIVE;
				CLANG_CXX_LANGUAGE_STANDARD = "gnu++14";
				CLANG_WARN_DOCUMENTATION_COMMENTS = YES;
				CLANG_WARN_UNGUARDED_AVAILABILITY = YES_AGGRESSIVE;
				CODE_SIGN_IDENTITY = "iPhone Developer";
				CODE_SIGN_STYLE = Automatic;
				DEBUG_INFORMATION_FORMAT = dwarf;
				GCC_C_LANGUAGE_STANDARD = gnu11;
				INFOPLIST_FILE = ReCaptcha_UITests/Info.plist;
				IPHONEOS_DEPLOYMENT_TARGET = 9.0;
				LD_RUNPATH_SEARCH_PATHS = "$(inherited) @executable_path/Frameworks @loader_path/Frameworks";
				PRODUCT_BUNDLE_IDENTIFIER = "ReCaptcha.ReCaptcha-UITests";
				PRODUCT_NAME = "$(TARGET_NAME)";
				SWIFT_ACTIVE_COMPILATION_CONDITIONS = DEBUG;
				SWIFT_VERSION = 5.0;
				TARGETED_DEVICE_FAMILY = "1,2";
				TEST_TARGET_NAME = ReCaptcha_Example;
			};
			name = Debug;
		};
		F28FACA4200E425600E14987 /* Release */ = {
			isa = XCBuildConfiguration;
			baseConfigurationReference = 4A242A5E18CBBFA095B66558 /* Pods-ReCaptcha_UITests.release.xcconfig */;
			buildSettings = {
				CLANG_ANALYZER_NONNULL = YES;
				CLANG_ANALYZER_NUMBER_OBJECT_CONVERSION = YES_AGGRESSIVE;
				CLANG_CXX_LANGUAGE_STANDARD = "gnu++14";
				CLANG_WARN_DOCUMENTATION_COMMENTS = YES;
				CLANG_WARN_UNGUARDED_AVAILABILITY = YES_AGGRESSIVE;
				CODE_SIGN_IDENTITY = "iPhone Developer";
				CODE_SIGN_STYLE = Automatic;
				GCC_C_LANGUAGE_STANDARD = gnu11;
				INFOPLIST_FILE = ReCaptcha_UITests/Info.plist;
				IPHONEOS_DEPLOYMENT_TARGET = 9.0;
				LD_RUNPATH_SEARCH_PATHS = "$(inherited) @executable_path/Frameworks @loader_path/Frameworks";
				PRODUCT_BUNDLE_IDENTIFIER = "ReCaptcha.ReCaptcha-UITests";
				PRODUCT_NAME = "$(TARGET_NAME)";
				SWIFT_VERSION = 5.0;
				TARGETED_DEVICE_FAMILY = "1,2";
				TEST_TARGET_NAME = ReCaptcha_Example;
			};
			name = Release;
		};
		F2ECCF7E1E9FC47B0097B199 /* Debug */ = {
			isa = XCBuildConfiguration;
			baseConfigurationReference = 4FED8267564AACFFEE83DB15 /* Pods-ReCaptcha_Tests.debug.xcconfig */;
			buildSettings = {
				BUNDLE_LOADER = "$(TEST_HOST)";
				CLANG_ANALYZER_NONNULL = YES;
				CLANG_ANALYZER_NUMBER_OBJECT_CONVERSION = YES_AGGRESSIVE;
				CLANG_WARN_DOCUMENTATION_COMMENTS = YES;
				DEBUG_INFORMATION_FORMAT = dwarf;
				DEVELOPMENT_TEAM = "";
				INFOPLIST_FILE = ReCaptcha_Tests/Info.plist;
				IPHONEOS_DEPLOYMENT_TARGET = 9.0;
				LD_RUNPATH_SEARCH_PATHS = "$(inherited) @executable_path/Frameworks @loader_path/Frameworks";
				PRODUCT_BUNDLE_IDENTIFIER = "com.flaviocaetano.ReCaptcha-Tests";
				PRODUCT_NAME = "$(TARGET_NAME)";
				SWIFT_ACTIVE_COMPILATION_CONDITIONS = "DEBUG UNIT_TESTS";
				SWIFT_VERSION = 5.0;
				TEST_HOST = "$(BUILT_PRODUCTS_DIR)/ReCaptcha_Example.app/ReCaptcha_Example";
			};
			name = Debug;
		};
		F2ECCF7F1E9FC47B0097B199 /* Release */ = {
			isa = XCBuildConfiguration;
			baseConfigurationReference = 44568771DD76CFBDF2D1C83D /* Pods-ReCaptcha_Tests.release.xcconfig */;
			buildSettings = {
				BUNDLE_LOADER = "$(TEST_HOST)";
				CLANG_ANALYZER_NONNULL = YES;
				CLANG_ANALYZER_NUMBER_OBJECT_CONVERSION = YES_AGGRESSIVE;
				CLANG_WARN_DOCUMENTATION_COMMENTS = YES;
				DEVELOPMENT_TEAM = "";
				INFOPLIST_FILE = ReCaptcha_Tests/Info.plist;
				IPHONEOS_DEPLOYMENT_TARGET = 9.0;
				LD_RUNPATH_SEARCH_PATHS = "$(inherited) @executable_path/Frameworks @loader_path/Frameworks";
				PRODUCT_BUNDLE_IDENTIFIER = "com.flaviocaetano.ReCaptcha-Tests";
				PRODUCT_NAME = "$(TARGET_NAME)";
				SWIFT_VERSION = 5.0;
				TEST_HOST = "$(BUILT_PRODUCTS_DIR)/ReCaptcha_Example.app/ReCaptcha_Example";
			};
			name = Release;
		};
/* End XCBuildConfiguration section */

/* Begin XCConfigurationList section */
		607FACCB1AFB9204008FA782 /* Build configuration list for PBXProject "ReCaptcha" */ = {
			isa = XCConfigurationList;
			buildConfigurations = (
				607FACED1AFB9204008FA782 /* Debug */,
				607FACEE1AFB9204008FA782 /* Release */,
			);
			defaultConfigurationIsVisible = 0;
			defaultConfigurationName = Release;
		};
		607FACEF1AFB9204008FA782 /* Build configuration list for PBXNativeTarget "ReCaptcha_Example" */ = {
			isa = XCConfigurationList;
			buildConfigurations = (
				607FACF01AFB9204008FA782 /* Debug */,
				607FACF11AFB9204008FA782 /* Release */,
			);
			defaultConfigurationIsVisible = 0;
			defaultConfigurationName = Release;
		};
		F28FACA5200E425600E14987 /* Build configuration list for PBXNativeTarget "ReCaptcha_UITests" */ = {
			isa = XCConfigurationList;
			buildConfigurations = (
				F28FACA3200E425600E14987 /* Debug */,
				F28FACA4200E425600E14987 /* Release */,
			);
			defaultConfigurationIsVisible = 0;
			defaultConfigurationName = Release;
		};
		F2ECCF7D1E9FC47B0097B199 /* Build configuration list for PBXNativeTarget "ReCaptcha_Tests" */ = {
			isa = XCConfigurationList;
			buildConfigurations = (
				F2ECCF7E1E9FC47B0097B199 /* Debug */,
				F2ECCF7F1E9FC47B0097B199 /* Release */,
			);
			defaultConfigurationIsVisible = 0;
			defaultConfigurationName = Release;
		};
/* End XCConfigurationList section */
	};
	rootObject = 607FACC81AFB9204008FA782 /* Project object */;
}
